
Microsoft Visual Studio Solution File, Format Version 12.00
# Visual Studio Version 16
VisualStudioVersion = 16.0.30804.86
MinimumVisualStudioVersion = 10.0.40219.1
Project("{FAE04EC0-301F-11D3-BF4B-00C04F79EFBC}") = "RepositoryFunctionsLibrary", "RepositoryFunctionsLibrary\RepositoryFunctionsLibrary.csproj", "{680D5E8C-BC0B-49B8-94AE-40154E304A18}"
EndProject
Global
	GlobalSection(SolutionConfigurationPlatforms) = preSolution
		Debug|Any CPU = Debug|Any CPU
		Release|Any CPU = Release|Any CPU
	EndGlobalSection
	GlobalSection(ProjectConfigurationPlatforms) = postSolution
		{680D5E8C-BC0B-49B8-94AE-40154E304A18}.Debug|Any CPU.ActiveCfg = Debug|Any CPU
		{680D5E8C-BC0B-49B8-94AE-40154E304A18}.Debug|Any CPU.Build.0 = Debug|Any CPU
		{680D5E8C-BC0B-49B8-94AE-40154E304A18}.Release|Any CPU.ActiveCfg = Release|Any CPU
		{680D5E8C-BC0B-49B8-94AE-40154E304A18}.Release|Any CPU.Build.0 = Release|Any CPU
	EndGlobalSection
	GlobalSection(SolutionProperties) = preSolution
		HideSolutionNode = FALSE
	EndGlobalSection
	GlobalSection(ExtensibilityGlobals) = postSolution
		SolutionGuid = {8CCC4A02-A210-4458-85F0-7E8839646F5B}
	EndGlobalSection
EndGlobal
